{
  "version": "5",
  "redirects": {
    "https://esm.sh/@supabase/supabase-js@2": "https://esm.sh/@supabase/supabase-js@2.116.0"
  },
  "remote": {
    "https://esm.sh/@supabase/supabase-js@2.116.0": "a38014743786a06c7dbf095a99e9ef3b38c0ec16bff076fc7cd403991192b34e"
  },
  "workspace": {
    "packageJson": {
      "dependencies": [
        "npm:@playwright/test@^1.63.0",
        "npm:@sentry/nextjs@^10.74.0",
        "npm:@supabase/supabase-js@^2.116.0",
        "npm:@tailwindcss/postcss@4",
        "npm:@testing-library/jest-dom@^7.0.1",
        "npm:@testing-library/react@^16.3.3",
        "npm:@testing-library/user-event@^14.6.7",
        "npm:@types/node@^24.13.4",
        "npm:@types/react-dom@19",
        "npm:@types/react@19",
        "npm:eslint-config-next@16.3.4",
        "npm:eslint@9",
        "npm:jsdom@^30.0.1",
        "npm:lucide-react@^1.43.0",
        "npm:next@16.3.4",
        "npm:react-dom@19.2.8",
        "npm:react@19.2.8",
        "npm:tailwindcss@4",
        "npm:typescript@5",
        "npm:vitest@5"
      ]
    }
  }
}
